
Microsoft Visual Studio Solution File, Format Version 12.00
# Visual Studio Version 17
VisualStudioVersion = 17.13.35931.197 d17.13
MinimumVisualStudioVersion = 10.0.40219.1
Project("{FAE04EC0-301F-11D3-BF4B-00C04F79EFBC}") = "Ayurved.V1", "Ayurved.V1\Ayurved.V1.csproj", "{C561E1DC-5CF0-4F16-BADA-F47BBD0A9A84}"
EndProject
Global
	GlobalSection(SolutionConfigurationPlatforms) = preSolution
		Debug|Any CPU = Debug|Any CPU
		Release|Any CPU = Release|Any CPU
	EndGlobalSection
	GlobalSection(ProjectConfigurationPlatforms) = postSolution
		{C561E1DC-5CF0-4F16-BADA-F47BBD0A9A84}.Debug|Any CPU.ActiveCfg = Debug|Any CPU
		{C561E1DC-5CF0-4F16-BADA-F47BBD0A9A84}.Debug|Any CPU.Build.0 = Debug|Any CPU
		{C561E1DC-5CF0-4F16-BADA-F47BBD0A9A84}.Release|Any CPU.ActiveCfg = Release|Any CPU
		{C561E1DC-5CF0-4F16-BADA-F47BBD0A9A84}.Release|Any CPU.Build.0 = Release|Any CPU
	EndGlobalSection
	GlobalSection(SolutionProperties) = preSolution
		HideSolutionNode = FALSE
	EndGlobalSection
	GlobalSection(ExtensibilityGlobals) = postSolution
		SolutionGuid = {23D71F34-6062-409A-88EC-C4FFDCE615FA}
	EndGlobalSection
EndGlobal
